
Microsoft Visual Studio Solution File, Format Version 12.00
# Visual Studio Version 17
VisualStudioVersion = 17.8.34330.188
MinimumVisualStudioVersion = 10.0.40219.1
Project("{8BC9CEB8-8B4A-11D0-8D11-00A0C91BC942}") = "Ex3", "Ex3.vcxproj", "{938BF55F-4AAC-4FB7-B10C-7F1E167C9762}"
EndProject
Global
	GlobalSection(SolutionConfigurationPlatforms) = preSolution
		Debug|x64 = Debug|x64
		Debug|x86 = Debug|x86
		Release|x64 = Release|x64
		Release|x86 = Release|x86
	EndGlobalSection
	GlobalSection(ProjectConfigurationPlatforms) = postSolution
		{938BF55F-4AAC-4FB7-B10C-7F1E167C9762}.Debug|x64.ActiveCfg = Debug|x64
		{938BF55F-4AAC-4FB7-B10C-7F1E167C9762}.Debug|x64.Build.0 = Debug|x64
		{938BF55F-4AAC-4FB7-B10C-7F1E167C9762}.Debug|x86.ActiveCfg = Debug|Win32
		{938BF55F-4AAC-4FB7-B10C-7F1E167C9762}.Debug|x86.Build.0 = Debug|Win32
		{938BF55F-4AAC-4FB7-B10C-7F1E167C9762}.Release|x64.ActiveCfg = Release|x64
		{938BF55F-4AAC-4FB7-B10C-7F1E167C9762}.Release|x64.Build.0 = Release|x64
		{938BF55F-4AAC-4FB7-B10C-7F1E167C9762}.Release|x86.ActiveCfg = Release|Win32
		{938BF55F-4AAC-4FB7-B10C-7F1E167C9762}.Release|x86.Build.0 = Release|Win32
	EndGlobalSection
	GlobalSection(SolutionProperties) = preSolution
		HideSolutionNode = FALSE
	EndGlobalSection
	GlobalSection(ExtensibilityGlobals) = postSolution
		SolutionGuid = {1A4B6EB2-7312-492A-8D51-5C8F06E71A5E}
	EndGlobalSection
EndGlobal
